
Microsoft Visual Studio Solution File, Format Version 12.00
# Visual Studio Version 17
VisualStudioVersion = 17.4.33205.214
MinimumVisualStudioVersion = 10.0.40219.1
Project("{FAE04EC0-301F-11D3-BF4B-00C04F79EFBC}") = "Gunnar.Web", "Gunnar.Web\Gunnar.Web.csproj", "{A1E145D3-952F-4E23-8B22-C9999816F8C7}"
EndProject
Project("{FAE04EC0-301F-11D3-BF4B-00C04F79EFBC}") = "BookContext", "BookContext\BookContext.csproj", "{370B9DA1-47E8-4693-80CF-CAC3B49D6ACB}"
EndProject
Project("{FAE04EC0-301F-11D3-BF4B-00C04F79EFBC}") = "Gunnar.API", "Gunnar.API\Gunnar.API.csproj", "{29BEA173-D91F-44FE-9B1C-B327B4D9F52B}"
EndProject
Project("{2150E333-8FDC-42A3-9474-1A3956D46DE8}") = "Contexts", "Contexts", "{B3121663-5068-47A4-A217-7BB2DE576161}"
EndProject
Project("{FAE04EC0-301F-11D3-BF4B-00C04F79EFBC}") = "AccountContext", "AccountContext\AccountContext.csproj", "{61A58D5D-5F85-42EB-9010-038293F0A34B}"
EndProject
Project("{FAE04EC0-301F-11D3-BF4B-00C04F79EFBC}") = "PersonContext", "PersonContext\PersonContext.csproj", "{C307ABD8-B597-4977-8356-4C1FF67A4A55}"
EndProject
Project("{2150E333-8FDC-42A3-9474-1A3956D46DE8}") = "Data", "Data", "{199821EE-4FB2-4503-B24E-E4DDAC3DF2D4}"
EndProject
Project("{FAE04EC0-301F-11D3-BF4B-00C04F79EFBC}") = "DataContext", "DataContext\DataContext.csproj", "{79027348-E0AD-485D-8C18-A1A61AC0F488}"
EndProject
Project("{2150E333-8FDC-42A3-9474-1A3956D46DE8}") = "Interfaces", "Interfaces", "{87E992EF-DB5E-4111-9783-EE20B488C51B}"
EndProject
Project("{FAE04EC0-301F-11D3-BF4B-00C04F79EFBC}") = "StudentContext", "StudentContext\StudentContext.csproj", "{168A733E-7427-4243-8B7C-D300645C61B8}"
EndProject
Project("{FAE04EC0-301F-11D3-BF4B-00C04F79EFBC}") = "SharedContext", "SharedContext\SharedContext.csproj", "{33AB131B-ABCD-4771-9EC3-5EEB1DF30667}"
EndProject
Project("{FAE04EC0-301F-11D3-BF4B-00C04F79EFBC}") = "LibraryContext", "LibraryContext\LibraryContext.csproj", "{5A7128D2-8F53-4E18-B508-60AC4E4699EA}"
EndProject
Global
	GlobalSection(SolutionConfigurationPlatforms) = preSolution
		Debug|Any CPU = Debug|Any CPU
		Release|Any CPU = Release|Any CPU
	EndGlobalSection
	GlobalSection(ProjectConfigurationPlatforms) = postSolution
		{A1E145D3-952F-4E23-8B22-C9999816F8C7}.Debug|Any CPU.ActiveCfg = Debug|Any CPU
		{A1E145D3-952F-4E23-8B22-C9999816F8C7}.Debug|Any CPU.Build.0 = Debug|Any CPU
		{A1E145D3-952F-4E23-8B22-C9999816F8C7}.Release|Any CPU.ActiveCfg = Release|Any CPU
		{A1E145D3-952F-4E23-8B22-C9999816F8C7}.Release|Any CPU.Build.0 = Release|Any CPU
		{370B9DA1-47E8-4693-80CF-CAC3B49D6ACB}.Debug|Any CPU.ActiveCfg = Debug|Any CPU
		{370B9DA1-47E8-4693-80CF-CAC3B49D6ACB}.Debug|Any CPU.Build.0 = Debug|Any CPU
		{370B9DA1-47E8-4693-80CF-CAC3B49D6ACB}.Release|Any CPU.ActiveCfg = Release|Any CPU
		{370B9DA1-47E8-4693-80CF-CAC3B49D6ACB}.Release|Any CPU.Build.0 = Release|Any CPU
		{29BEA173-D91F-44FE-9B1C-B327B4D9F52B}.Debug|Any CPU.ActiveCfg = Debug|Any CPU
		{29BEA173-D91F-44FE-9B1C-B327B4D9F52B}.Debug|Any CPU.Build.0 = Debug|Any CPU
		{29BEA173-D91F-44FE-9B1C-B327B4D9F52B}.Release|Any CPU.ActiveCfg = Release|Any CPU
		{29BEA173-D91F-44FE-9B1C-B327B4D9F52B}.Release|Any CPU.Build.0 = Release|Any CPU
		{61A58D5D-5F85-42EB-9010-038293F0A34B}.Debug|Any CPU.ActiveCfg = Debug|Any CPU
		{61A58D5D-5F85-42EB-9010-038293F0A34B}.Debug|Any CPU.Build.0 = Debug|Any CPU
		{61A58D5D-5F85-42EB-9010-038293F0A34B}.Release|Any CPU.ActiveCfg = Release|Any CPU
		{61A58D5D-5F85-42EB-9010-038293F0A34B}.Release|Any CPU.Build.0 = Release|Any CPU
		{C307ABD8-B597-4977-8356-4C1FF67A4A55}.Debug|Any CPU.ActiveCfg = Debug|Any CPU
		{C307ABD8-B597-4977-8356-4C1FF67A4A55}.Debug|Any CPU.Build.0 = Debug|Any CPU
		{C307ABD8-B597-4977-8356-4C1FF67A4A55}.Release|Any CPU.ActiveCfg = Release|Any CPU
		{C307ABD8-B597-4977-8356-4C1FF67A4A55}.Release|Any CPU.Build.0 = Release|Any CPU
		{79027348-E0AD-485D-8C18-A1A61AC0F488}.Debug|Any CPU.ActiveCfg = Debug|Any CPU
		{79027348-E0AD-485D-8C18-A1A61AC0F488}.Debug|Any CPU.Build.0 = Debug|Any CPU
		{79027348-E0AD-485D-8C18-A1A61AC0F488}.Release|Any CPU.ActiveCfg = Release|Any CPU
		{79027348-E0AD-485D-8C18-A1A61AC0F488}.Release|Any CPU.Build.0 = Release|Any CPU
		{168A733E-7427-4243-8B7C-D300645C61B8}.Debug|Any CPU.ActiveCfg = Debug|Any CPU
		{168A733E-7427-4243-8B7C-D300645C61B8}.Debug|Any CPU.Build.0 = Debug|Any CPU
		{168A733E-7427-4243-8B7C-D300645C61B8}.Release|Any CPU.ActiveCfg = Release|Any CPU
		{168A733E-7427-4243-8B7C-D300645C61B8}.Release|Any CPU.Build.0 = Release|Any CPU
		{33AB131B-ABCD-4771-9EC3-5EEB1DF30667}.Debug|Any CPU.ActiveCfg = Debug|Any CPU
		{33AB131B-ABCD-4771-9EC3-5EEB1DF30667}.Debug|Any CPU.Build.0 = Debug|Any CPU
		{33AB131B-ABCD-4771-9EC3-5EEB1DF30667}.Release|Any CPU.ActiveCfg = Release|Any CPU
		{33AB131B-ABCD-4771-9EC3-5EEB1DF30667}.Release|Any CPU.Build.0 = Release|Any CPU
		{5A7128D2-8F53-4E18-B508-60AC4E4699EA}.Debug|Any CPU.ActiveCfg = Debug|Any CPU
		{5A7128D2-8F53-4E18-B508-60AC4E4699EA}.Debug|Any CPU.Build.0 = Debug|Any CPU
		{5A7128D2-8F53-4E18-B508-60AC4E4699EA}.Release|Any CPU.ActiveCfg = Release|Any CPU
		{5A7128D2-8F53-4E18-B508-60AC4E4699EA}.Release|Any CPU.Build.0 = Release|Any CPU
	EndGlobalSection
	GlobalSection(SolutionProperties) = preSolution
		HideSolutionNode = FALSE
	EndGlobalSection
	GlobalSection(NestedProjects) = preSolution
		{A1E145D3-952F-4E23-8B22-C9999816F8C7} = {87E992EF-DB5E-4111-9783-EE20B488C51B}
		{370B9DA1-47E8-4693-80CF-CAC3B49D6ACB} = {B3121663-5068-47A4-A217-7BB2DE576161}
		{29BEA173-D91F-44FE-9B1C-B327B4D9F52B} = {87E992EF-DB5E-4111-9783-EE20B488C51B}
		{61A58D5D-5F85-42EB-9010-038293F0A34B} = {B3121663-5068-47A4-A217-7BB2DE576161}
		{C307ABD8-B597-4977-8356-4C1FF67A4A55} = {B3121663-5068-47A4-A217-7BB2DE576161}
		{79027348-E0AD-485D-8C18-A1A61AC0F488} = {199821EE-4FB2-4503-B24E-E4DDAC3DF2D4}
		{168A733E-7427-4243-8B7C-D300645C61B8} = {B3121663-5068-47A4-A217-7BB2DE576161}
		{33AB131B-ABCD-4771-9EC3-5EEB1DF30667} = {B3121663-5068-47A4-A217-7BB2DE576161}
		{5A7128D2-8F53-4E18-B508-60AC4E4699EA} = {B3121663-5068-47A4-A217-7BB2DE576161}
	EndGlobalSection
	GlobalSection(ExtensibilityGlobals) = postSolution
		SolutionGuid = {847FC065-0816-432F-9048-920C7C7FA869}
	EndGlobalSection
EndGlobal
